<?xml version="1.0" encoding="UTF-8"?>
<Project ToolsVersion="14.0" xmlns="http://schemas.microsoft.com/developer/msbuild/2003">
  <ItemGroup>
    <ClCompile Include="E:\vsproj\synergy\synergy-core\src\lib\base\Event.cpp">
      <Filter>Source Files</Filter>
    </ClCompile>
    <ClCompile Include="E:\vsproj\synergy\synergy-core\src\lib\base\EventQueue.cpp">
      <Filter>Source Files</Filter>
    </ClCompile>
    <ClCompile Include="E:\vsproj\synergy\synergy-core\src\lib\base\EventTypes.cpp">
      <Filter>Source Files</Filter>
    </ClCompile>
    <ClCompile Include="E:\vsproj\synergy\synergy-core\src\lib\base\FunctionEventJob.cpp">
      <Filter>Source Files</Filter>
    </ClCompile>
    <ClCompile Include="E:\vsproj\synergy\synergy-core\src\lib\base\FunctionJob.cpp">
      <Filter>Source Files</Filter>
    </ClCompile>
    <ClCompile Include="E:\vsproj\synergy\synergy-core\src\lib\base\Log.cpp">
      <Filter>Source Files</Filter>
    </ClCompile>
    <ClCompile Include="E:\vsproj\synergy\synergy-core\src\lib\base\SimpleEventQueueBuffer.cpp">
      <Filter>Source Files</Filter>
    </ClCompile>
    <ClCompile Include="E:\vsproj\synergy\synergy-core\src\lib\base\Stopwatch.cpp">
      <Filter>Source Files</Filter>
    </ClCompile>
    <ClCompile Include="E:\vsproj\synergy\synergy-core\src\lib\base\String.cpp">
      <Filter>Source Files</Filter>
    </ClCompile>
    <ClCompile Include="E:\vsproj\synergy\synergy-core\src\lib\base\Unicode.cpp">
      <Filter>Source Files</Filter>
    </ClCompile>
    <ClCompile Include="E:\vsproj\synergy\synergy-core\src\lib\base\XBase.cpp">
      <Filter>Source Files</Filter>
    </ClCompile>
    <ClCompile Include="E:\vsproj\synergy\synergy-core\src\lib\base\log_outputters.cpp">
      <Filter>Source Files</Filter>
    </ClCompile>
  </ItemGroup>
  <ItemGroup>
    <ClInclude Include="E:\vsproj\synergy\synergy-core\src\lib\base\ELevel.h">
      <Filter>Header Files</Filter>
    </ClInclude>
    <ClInclude Include="E:\vsproj\synergy\synergy-core\src\lib\base\Event.h">
      <Filter>Header Files</Filter>
    </ClInclude>
    <ClInclude Include="E:\vsproj\synergy\synergy-core\src\lib\base\EventQueue.h">
      <Filter>Header Files</Filter>
    </ClInclude>
    <ClInclude Include="E:\vsproj\synergy\synergy-core\src\lib\base\EventTypes.h">
      <Filter>Header Files</Filter>
    </ClInclude>
    <ClInclude Include="E:\vsproj\synergy\synergy-core\src\lib\base\FunctionEventJob.h">
      <Filter>Header Files</Filter>
    </ClInclude>
    <ClInclude Include="E:\vsproj\synergy\synergy-core\src\lib\base\FunctionJob.h">
      <Filter>Header Files</Filter>
    </ClInclude>
    <ClInclude Include="E:\vsproj\synergy\synergy-core\src\lib\base\IEventJob.h">
      <Filter>Header Files</Filter>
    </ClInclude>
    <ClInclude Include="E:\vsproj\synergy\synergy-core\src\lib\base\IEventQueue.h">
      <Filter>Header Files</Filter>
    </ClInclude>
    <ClInclude Include="E:\vsproj\synergy\synergy-core\src\lib\base\IEventQueueBuffer.h">
      <Filter>Header Files</Filter>
    </ClInclude>
    <ClInclude Include="E:\vsproj\synergy\synergy-core\src\lib\base\IJob.h">
      <Filter>Header Files</Filter>
    </ClInclude>
    <ClInclude Include="E:\vsproj\synergy\synergy-core\src\lib\base\ILogOutputter.h">
      <Filter>Header Files</Filter>
    </ClInclude>
    <ClInclude Include="E:\vsproj\synergy\synergy-core\src\lib\base\Log.h">
      <Filter>Header Files</Filter>
    </ClInclude>
    <ClInclude Include="E:\vsproj\synergy\synergy-core\src\lib\base\PriorityQueue.h">
      <Filter>Header Files</Filter>
    </ClInclude>
    <ClInclude Include="E:\vsproj\synergy\synergy-core\src\lib\base\SimpleEventQueueBuffer.h">
      <Filter>Header Files</Filter>
    </ClInclude>
    <ClInclude Include="E:\vsproj\synergy\synergy-core\src\lib\base\Stopwatch.h">
      <Filter>Header Files</Filter>
    </ClInclude>
    <ClInclude Include="E:\vsproj\synergy\synergy-core\src\lib\base\String.h">
      <Filter>Header Files</Filter>
    </ClInclude>
    <ClInclude Include="E:\vsproj\synergy\synergy-core\src\lib\base\TMethodEventJob.h">
      <Filter>Header Files</Filter>
    </ClInclude>
    <ClInclude Include="E:\vsproj\synergy\synergy-core\src\lib\base\TMethodJob.h">
      <Filter>Header Files</Filter>
    </ClInclude>
    <ClInclude Include="E:\vsproj\synergy\synergy-core\src\lib\base\Unicode.h">
      <Filter>Header Files</Filter>
    </ClInclude>
    <ClInclude Include="E:\vsproj\synergy\synergy-core\src\lib\base\XBase.h">
      <Filter>Header Files</Filter>
    </ClInclude>
    <ClInclude Include="E:\vsproj\synergy\synergy-core\src\lib\base\log_outputters.h">
      <Filter>Header Files</Filter>
    </ClInclude>
  </ItemGroup>
  <ItemGroup>
    <CustomBuild Include="E:\vsproj\synergy\synergy-core\src\lib\base\CMakeLists.txt" />
  </ItemGroup>
  <ItemGroup>
    <Filter Include="Source Files">
      <UniqueIdentifier>{6881AC06-9177-3DC2-8A89-1B2817190FAA}</UniqueIdentifier>
    </Filter>
    <Filter Include="Header Files">
      <UniqueIdentifier>{FEAB8957-134F-319B-BDAB-DE3082559588}</UniqueIdentifier>
    </Filter>
  </ItemGroup>
</Project>
