Microsoft Visual Studio Solution File, Format Version 12.00
# Visual Studio 14
Project("{8BC9CEB8-8B4A-11D0-8D11-00A0C91BC942}") = "ALL_BUILD", "ALL_BUILD.vcxproj", "{681B06A1-1C8C-354F-9630-B6028B25A8D1}"
	ProjectSection(ProjectDependencies) = postProject
		{CCA915F0-9E57-3BCF-B157-44AAFE9D69DF} = {CCA915F0-9E57-3BCF-B157-44AAFE9D69DF}
		{4F899D14-BF21-31A5-8538-3C7369B31325} = {4F899D14-BF21-31A5-8538-3C7369B31325}
		{934F066D-D66C-368B-8A38-12B2AD90E356} = {934F066D-D66C-368B-8A38-12B2AD90E356}
		{902A7AF4-9AEC-350A-8902-35F1E73DF31B} = {902A7AF4-9AEC-350A-8902-35F1E73DF31B}
		{4BD6AAA1-CA94-34E1-84B8-EDEFB744C91C} = {4BD6AAA1-CA94-34E1-84B8-EDEFB744C91C}
		{F588F272-B118-3CFA-BE96-00ED376DEF3B} = {F588F272-B118-3CFA-BE96-00ED376DEF3B}
		{4B3C53CC-E695-3264-8CDD-52DCF70FBCFF} = {4B3C53CC-E695-3264-8CDD-52DCF70FBCFF}
		{41E2C067-6730-3FCE-88BC-4A445F73C208} = {41E2C067-6730-3FCE-88BC-4A445F73C208}
		{40B82B78-46BC-3006-95B6-D4D061980E7E} = {40B82B78-46BC-3006-95B6-D4D061980E7E}
		{971EDBE9-6926-35D9-9D2D-6B4E1C1F164C} = {971EDBE9-6926-35D9-9D2D-6B4E1C1F164C}
		{E5732FE8-88A2-3B4B-88F8-A8C10F77AFBC} = {E5732FE8-88A2-3B4B-88F8-A8C10F77AFBC}
		{B44F95F3-DBE3-35C5-8293-51ED1569B9A8} = {B44F95F3-DBE3-35C5-8293-51ED1569B9A8}
		{0CB7522A-EF96-34A6-A6DA-FC4F054487FF} = {0CB7522A-EF96-34A6-A6DA-FC4F054487FF}
		{6602C431-6334-3D94-A140-8D2FB3B2A03D} = {6602C431-6334-3D94-A140-8D2FB3B2A03D}
		{CE968191-6E9E-3898-A335-944A8C35AE9E} = {CE968191-6E9E-3898-A335-944A8C35AE9E}
		{02F7AAED-AB1D-364A-B58A-86248AAD7E66} = {02F7AAED-AB1D-364A-B58A-86248AAD7E66}
		{AC69DDA7-CA2B-3753-8E22-40370960F7FF} = {AC69DDA7-CA2B-3753-8E22-40370960F7FF}
		{1166547E-9C9E-3C4F-803B-B6DE760A611E} = {1166547E-9C9E-3C4F-803B-B6DE760A611E}
		{C4CB631C-8488-34D8-B5B6-36B2FF1AECA8} = {C4CB631C-8488-34D8-B5B6-36B2FF1AECA8}
	EndProjectSection
EndProject
Project("{8BC9CEB8-8B4A-11D0-8D11-00A0C91BC942}") = "ZERO_CHECK", "ZERO_CHECK.vcxproj", "{CCA915F0-9E57-3BCF-B157-44AAFE9D69DF}"
	ProjectSection(ProjectDependencies) = postProject
	EndProjectSection
EndProject
Project("{8BC9CEB8-8B4A-11D0-8D11-00A0C91BC942}") = "arch", "src\lib\arch\arch.vcxproj", "{4F899D14-BF21-31A5-8538-3C7369B31325}"
	ProjectSection(ProjectDependencies) = postProject
		{CCA915F0-9E57-3BCF-B157-44AAFE9D69DF} = {CCA915F0-9E57-3BCF-B157-44AAFE9D69DF}
	EndProjectSection
EndProject
Project("{8BC9CEB8-8B4A-11D0-8D11-00A0C91BC942}") = "base", "src\lib\base\base.vcxproj", "{934F066D-D66C-368B-8A38-12B2AD90E356}"
	ProjectSection(ProjectDependencies) = postProject
		{CCA915F0-9E57-3BCF-B157-44AAFE9D69DF} = {CCA915F0-9E57-3BCF-B157-44AAFE9D69DF}
	EndProjectSection
EndProject
Project("{8BC9CEB8-8B4A-11D0-8D11-00A0C91BC942}") = "client", "src\lib\client\client.vcxproj", "{902A7AF4-9AEC-350A-8902-35F1E73DF31B}"
	ProjectSection(ProjectDependencies) = postProject
		{CCA915F0-9E57-3BCF-B157-44AAFE9D69DF} = {CCA915F0-9E57-3BCF-B157-44AAFE9D69DF}
	EndProjectSection
EndProject
Project("{8BC9CEB8-8B4A-11D0-8D11-00A0C91BC942}") = "common", "src\lib\common\common.vcxproj", "{4BD6AAA1-CA94-34E1-84B8-EDEFB744C91C}"
	ProjectSection(ProjectDependencies) = postProject
		{CCA915F0-9E57-3BCF-B157-44AAFE9D69DF} = {CCA915F0-9E57-3BCF-B157-44AAFE9D69DF}
	EndProjectSection
EndProject
Project("{8BC9CEB8-8B4A-11D0-8D11-00A0C91BC942}") = "core", "src\lib\core\core.vcxproj", "{F588F272-B118-3CFA-BE96-00ED376DEF3B}"
	ProjectSection(ProjectDependencies) = postProject
		{CCA915F0-9E57-3BCF-B157-44AAFE9D69DF} = {CCA915F0-9E57-3BCF-B157-44AAFE9D69DF}
	EndProjectSection
EndProject
Project("{8BC9CEB8-8B4A-11D0-8D11-00A0C91BC942}") = "gmock", "src\test\gmock.vcxproj", "{4B3C53CC-E695-3264-8CDD-52DCF70FBCFF}"
	ProjectSection(ProjectDependencies) = postProject
		{CCA915F0-9E57-3BCF-B157-44AAFE9D69DF} = {CCA915F0-9E57-3BCF-B157-44AAFE9D69DF}
	EndProjectSection
EndProject
Project("{8BC9CEB8-8B4A-11D0-8D11-00A0C91BC942}") = "gtest", "src\test\gtest.vcxproj", "{41E2C067-6730-3FCE-88BC-4A445F73C208}"
	ProjectSection(ProjectDependencies) = postProject
		{CCA915F0-9E57-3BCF-B157-44AAFE9D69DF} = {CCA915F0-9E57-3BCF-B157-44AAFE9D69DF}
	EndProjectSection
EndProject
Project("{8BC9CEB8-8B4A-11D0-8D11-00A0C91BC942}") = "integtests", "src\test\integtests\integtests.vcxproj", "{40B82B78-46BC-3006-95B6-D4D061980E7E}"
	ProjectSection(ProjectDependencies) = postProject
		{CCA915F0-9E57-3BCF-B157-44AAFE9D69DF} = {CCA915F0-9E57-3BCF-B157-44AAFE9D69DF}
		{4F899D14-BF21-31A5-8538-3C7369B31325} = {4F899D14-BF21-31A5-8538-3C7369B31325}
		{934F066D-D66C-368B-8A38-12B2AD90E356} = {934F066D-D66C-368B-8A38-12B2AD90E356}
		{902A7AF4-9AEC-350A-8902-35F1E73DF31B} = {902A7AF4-9AEC-350A-8902-35F1E73DF31B}
		{4BD6AAA1-CA94-34E1-84B8-EDEFB744C91C} = {4BD6AAA1-CA94-34E1-84B8-EDEFB744C91C}
		{F588F272-B118-3CFA-BE96-00ED376DEF3B} = {F588F272-B118-3CFA-BE96-00ED376DEF3B}
		{4B3C53CC-E695-3264-8CDD-52DCF70FBCFF} = {4B3C53CC-E695-3264-8CDD-52DCF70FBCFF}
		{41E2C067-6730-3FCE-88BC-4A445F73C208} = {41E2C067-6730-3FCE-88BC-4A445F73C208}
		{971EDBE9-6926-35D9-9D2D-6B4E1C1F164C} = {971EDBE9-6926-35D9-9D2D-6B4E1C1F164C}
		{E5732FE8-88A2-3B4B-88F8-A8C10F77AFBC} = {E5732FE8-88A2-3B4B-88F8-A8C10F77AFBC}
		{B44F95F3-DBE3-35C5-8293-51ED1569B9A8} = {B44F95F3-DBE3-35C5-8293-51ED1569B9A8}
		{0CB7522A-EF96-34A6-A6DA-FC4F054487FF} = {0CB7522A-EF96-34A6-A6DA-FC4F054487FF}
		{6602C431-6334-3D94-A140-8D2FB3B2A03D} = {6602C431-6334-3D94-A140-8D2FB3B2A03D}
		{CE968191-6E9E-3898-A335-944A8C35AE9E} = {CE968191-6E9E-3898-A335-944A8C35AE9E}
	EndProjectSection
EndProject
Project("{8BC9CEB8-8B4A-11D0-8D11-00A0C91BC942}") = "io", "src\lib\io\io.vcxproj", "{971EDBE9-6926-35D9-9D2D-6B4E1C1F164C}"
	ProjectSection(ProjectDependencies) = postProject
		{CCA915F0-9E57-3BCF-B157-44AAFE9D69DF} = {CCA915F0-9E57-3BCF-B157-44AAFE9D69DF}
	EndProjectSection
EndProject
Project("{8BC9CEB8-8B4A-11D0-8D11-00A0C91BC942}") = "mt", "src\lib\mt\mt.vcxproj", "{E5732FE8-88A2-3B4B-88F8-A8C10F77AFBC}"
	ProjectSection(ProjectDependencies) = postProject
		{CCA915F0-9E57-3BCF-B157-44AAFE9D69DF} = {CCA915F0-9E57-3BCF-B157-44AAFE9D69DF}
	EndProjectSection
EndProject
Project("{8BC9CEB8-8B4A-11D0-8D11-00A0C91BC942}") = "net", "src\lib\net\net.vcxproj", "{B44F95F3-DBE3-35C5-8293-51ED1569B9A8}"
	ProjectSection(ProjectDependencies) = postProject
		{CCA915F0-9E57-3BCF-B157-44AAFE9D69DF} = {CCA915F0-9E57-3BCF-B157-44AAFE9D69DF}
	EndProjectSection
EndProject
Project("{8BC9CEB8-8B4A-11D0-8D11-00A0C91BC942}") = "platform", "src\lib\platform\platform.vcxproj", "{0CB7522A-EF96-34A6-A6DA-FC4F054487FF}"
	ProjectSection(ProjectDependencies) = postProject
		{CCA915F0-9E57-3BCF-B157-44AAFE9D69DF} = {CCA915F0-9E57-3BCF-B157-44AAFE9D69DF}
		{902A7AF4-9AEC-350A-8902-35F1E73DF31B} = {902A7AF4-9AEC-350A-8902-35F1E73DF31B}
	EndProjectSection
EndProject
Project("{8BC9CEB8-8B4A-11D0-8D11-00A0C91BC942}") = "server", "src\lib\server\server.vcxproj", "{6602C431-6334-3D94-A140-8D2FB3B2A03D}"
	ProjectSection(ProjectDependencies) = postProject
		{CCA915F0-9E57-3BCF-B157-44AAFE9D69DF} = {CCA915F0-9E57-3BCF-B157-44AAFE9D69DF}
		{4F899D14-BF21-31A5-8538-3C7369B31325} = {4F899D14-BF21-31A5-8538-3C7369B31325}
		{934F066D-D66C-368B-8A38-12B2AD90E356} = {934F066D-D66C-368B-8A38-12B2AD90E356}
		{CE968191-6E9E-3898-A335-944A8C35AE9E} = {CE968191-6E9E-3898-A335-944A8C35AE9E}
	EndProjectSection
EndProject
Project("{8BC9CEB8-8B4A-11D0-8D11-00A0C91BC942}") = "shared", "src\lib\shared\shared.vcxproj", "{CE968191-6E9E-3898-A335-944A8C35AE9E}"
	ProjectSection(ProjectDependencies) = postProject
		{CCA915F0-9E57-3BCF-B157-44AAFE9D69DF} = {CCA915F0-9E57-3BCF-B157-44AAFE9D69DF}
		{4F899D14-BF21-31A5-8538-3C7369B31325} = {4F899D14-BF21-31A5-8538-3C7369B31325}
		{934F066D-D66C-368B-8A38-12B2AD90E356} = {934F066D-D66C-368B-8A38-12B2AD90E356}
	EndProjectSection
EndProject
Project("{8BC9CEB8-8B4A-11D0-8D11-00A0C91BC942}") = "synergy-core", "src\cmd\core\synergy-core.vcxproj", "{02F7AAED-AB1D-364A-B58A-86248AAD7E66}"
	ProjectSection(ProjectDependencies) = postProject
		{CCA915F0-9E57-3BCF-B157-44AAFE9D69DF} = {CCA915F0-9E57-3BCF-B157-44AAFE9D69DF}
		{4F899D14-BF21-31A5-8538-3C7369B31325} = {4F899D14-BF21-31A5-8538-3C7369B31325}
		{934F066D-D66C-368B-8A38-12B2AD90E356} = {934F066D-D66C-368B-8A38-12B2AD90E356}
		{902A7AF4-9AEC-350A-8902-35F1E73DF31B} = {902A7AF4-9AEC-350A-8902-35F1E73DF31B}
		{4BD6AAA1-CA94-34E1-84B8-EDEFB744C91C} = {4BD6AAA1-CA94-34E1-84B8-EDEFB744C91C}
		{F588F272-B118-3CFA-BE96-00ED376DEF3B} = {F588F272-B118-3CFA-BE96-00ED376DEF3B}
		{971EDBE9-6926-35D9-9D2D-6B4E1C1F164C} = {971EDBE9-6926-35D9-9D2D-6B4E1C1F164C}
		{E5732FE8-88A2-3B4B-88F8-A8C10F77AFBC} = {E5732FE8-88A2-3B4B-88F8-A8C10F77AFBC}
		{B44F95F3-DBE3-35C5-8293-51ED1569B9A8} = {B44F95F3-DBE3-35C5-8293-51ED1569B9A8}
		{0CB7522A-EF96-34A6-A6DA-FC4F054487FF} = {0CB7522A-EF96-34A6-A6DA-FC4F054487FF}
		{6602C431-6334-3D94-A140-8D2FB3B2A03D} = {6602C431-6334-3D94-A140-8D2FB3B2A03D}
		{CE968191-6E9E-3898-A335-944A8C35AE9E} = {CE968191-6E9E-3898-A335-944A8C35AE9E}
	EndProjectSection
EndProject
Project("{8BC9CEB8-8B4A-11D0-8D11-00A0C91BC942}") = "synergyc", "src\cmd\synergyc\synergyc.vcxproj", "{AC69DDA7-CA2B-3753-8E22-40370960F7FF}"
	ProjectSection(ProjectDependencies) = postProject
		{CCA915F0-9E57-3BCF-B157-44AAFE9D69DF} = {CCA915F0-9E57-3BCF-B157-44AAFE9D69DF}
		{4F899D14-BF21-31A5-8538-3C7369B31325} = {4F899D14-BF21-31A5-8538-3C7369B31325}
		{934F066D-D66C-368B-8A38-12B2AD90E356} = {934F066D-D66C-368B-8A38-12B2AD90E356}
		{902A7AF4-9AEC-350A-8902-35F1E73DF31B} = {902A7AF4-9AEC-350A-8902-35F1E73DF31B}
		{4BD6AAA1-CA94-34E1-84B8-EDEFB744C91C} = {4BD6AAA1-CA94-34E1-84B8-EDEFB744C91C}
		{F588F272-B118-3CFA-BE96-00ED376DEF3B} = {F588F272-B118-3CFA-BE96-00ED376DEF3B}
		{971EDBE9-6926-35D9-9D2D-6B4E1C1F164C} = {971EDBE9-6926-35D9-9D2D-6B4E1C1F164C}
		{E5732FE8-88A2-3B4B-88F8-A8C10F77AFBC} = {E5732FE8-88A2-3B4B-88F8-A8C10F77AFBC}
		{B44F95F3-DBE3-35C5-8293-51ED1569B9A8} = {B44F95F3-DBE3-35C5-8293-51ED1569B9A8}
		{0CB7522A-EF96-34A6-A6DA-FC4F054487FF} = {0CB7522A-EF96-34A6-A6DA-FC4F054487FF}
		{6602C431-6334-3D94-A140-8D2FB3B2A03D} = {6602C431-6334-3D94-A140-8D2FB3B2A03D}
		{CE968191-6E9E-3898-A335-944A8C35AE9E} = {CE968191-6E9E-3898-A335-944A8C35AE9E}
	EndProjectSection
EndProject
Project("{8BC9CEB8-8B4A-11D0-8D11-00A0C91BC942}") = "synergys", "src\cmd\synergys\synergys.vcxproj", "{1166547E-9C9E-3C4F-803B-B6DE760A611E}"
	ProjectSection(ProjectDependencies) = postProject
		{CCA915F0-9E57-3BCF-B157-44AAFE9D69DF} = {CCA915F0-9E57-3BCF-B157-44AAFE9D69DF}
		{4F899D14-BF21-31A5-8538-3C7369B31325} = {4F899D14-BF21-31A5-8538-3C7369B31325}
		{934F066D-D66C-368B-8A38-12B2AD90E356} = {934F066D-D66C-368B-8A38-12B2AD90E356}
		{902A7AF4-9AEC-350A-8902-35F1E73DF31B} = {902A7AF4-9AEC-350A-8902-35F1E73DF31B}
		{4BD6AAA1-CA94-34E1-84B8-EDEFB744C91C} = {4BD6AAA1-CA94-34E1-84B8-EDEFB744C91C}
		{F588F272-B118-3CFA-BE96-00ED376DEF3B} = {F588F272-B118-3CFA-BE96-00ED376DEF3B}
		{971EDBE9-6926-35D9-9D2D-6B4E1C1F164C} = {971EDBE9-6926-35D9-9D2D-6B4E1C1F164C}
		{E5732FE8-88A2-3B4B-88F8-A8C10F77AFBC} = {E5732FE8-88A2-3B4B-88F8-A8C10F77AFBC}
		{B44F95F3-DBE3-35C5-8293-51ED1569B9A8} = {B44F95F3-DBE3-35C5-8293-51ED1569B9A8}
		{0CB7522A-EF96-34A6-A6DA-FC4F054487FF} = {0CB7522A-EF96-34A6-A6DA-FC4F054487FF}
		{6602C431-6334-3D94-A140-8D2FB3B2A03D} = {6602C431-6334-3D94-A140-8D2FB3B2A03D}
		{CE968191-6E9E-3898-A335-944A8C35AE9E} = {CE968191-6E9E-3898-A335-944A8C35AE9E}
	EndProjectSection
EndProject
Project("{8BC9CEB8-8B4A-11D0-8D11-00A0C91BC942}") = "unittests", "src\test\unittests\unittests.vcxproj", "{C4CB631C-8488-34D8-B5B6-36B2FF1AECA8}"
	ProjectSection(ProjectDependencies) = postProject
		{CCA915F0-9E57-3BCF-B157-44AAFE9D69DF} = {CCA915F0-9E57-3BCF-B157-44AAFE9D69DF}
		{4F899D14-BF21-31A5-8538-3C7369B31325} = {4F899D14-BF21-31A5-8538-3C7369B31325}
		{934F066D-D66C-368B-8A38-12B2AD90E356} = {934F066D-D66C-368B-8A38-12B2AD90E356}
		{902A7AF4-9AEC-350A-8902-35F1E73DF31B} = {902A7AF4-9AEC-350A-8902-35F1E73DF31B}
		{4BD6AAA1-CA94-34E1-84B8-EDEFB744C91C} = {4BD6AAA1-CA94-34E1-84B8-EDEFB744C91C}
		{F588F272-B118-3CFA-BE96-00ED376DEF3B} = {F588F272-B118-3CFA-BE96-00ED376DEF3B}
		{4B3C53CC-E695-3264-8CDD-52DCF70FBCFF} = {4B3C53CC-E695-3264-8CDD-52DCF70FBCFF}
		{41E2C067-6730-3FCE-88BC-4A445F73C208} = {41E2C067-6730-3FCE-88BC-4A445F73C208}
		{971EDBE9-6926-35D9-9D2D-6B4E1C1F164C} = {971EDBE9-6926-35D9-9D2D-6B4E1C1F164C}
		{E5732FE8-88A2-3B4B-88F8-A8C10F77AFBC} = {E5732FE8-88A2-3B4B-88F8-A8C10F77AFBC}
		{B44F95F3-DBE3-35C5-8293-51ED1569B9A8} = {B44F95F3-DBE3-35C5-8293-51ED1569B9A8}
		{0CB7522A-EF96-34A6-A6DA-FC4F054487FF} = {0CB7522A-EF96-34A6-A6DA-FC4F054487FF}
		{6602C431-6334-3D94-A140-8D2FB3B2A03D} = {6602C431-6334-3D94-A140-8D2FB3B2A03D}
		{CE968191-6E9E-3898-A335-944A8C35AE9E} = {CE968191-6E9E-3898-A335-944A8C35AE9E}
	EndProjectSection
EndProject
Global
	GlobalSection(SolutionConfigurationPlatforms) = preSolution
		Debug|x64 = Debug|x64
		Release|x64 = Release|x64
		MinSizeRel|x64 = MinSizeRel|x64
		RelWithDebInfo|x64 = RelWithDebInfo|x64
	EndGlobalSection
	GlobalSection(ProjectConfigurationPlatforms) = postSolution
		{681B06A1-1C8C-354F-9630-B6028B25A8D1}.Debug|x64.ActiveCfg = Debug|x64
		{681B06A1-1C8C-354F-9630-B6028B25A8D1}.Release|x64.ActiveCfg = Release|x64
		{681B06A1-1C8C-354F-9630-B6028B25A8D1}.MinSizeRel|x64.ActiveCfg = MinSizeRel|x64
		{681B06A1-1C8C-354F-9630-B6028B25A8D1}.RelWithDebInfo|x64.ActiveCfg = RelWithDebInfo|x64
		{CCA915F0-9E57-3BCF-B157-44AAFE9D69DF}.Debug|x64.ActiveCfg = Debug|x64
		{CCA915F0-9E57-3BCF-B157-44AAFE9D69DF}.Debug|x64.Build.0 = Debug|x64
		{CCA915F0-9E57-3BCF-B157-44AAFE9D69DF}.Release|x64.ActiveCfg = Release|x64
		{CCA915F0-9E57-3BCF-B157-44AAFE9D69DF}.Release|x64.Build.0 = Release|x64
		{CCA915F0-9E57-3BCF-B157-44AAFE9D69DF}.MinSizeRel|x64.ActiveCfg = MinSizeRel|x64
		{CCA915F0-9E57-3BCF-B157-44AAFE9D69DF}.MinSizeRel|x64.Build.0 = MinSizeRel|x64
		{CCA915F0-9E57-3BCF-B157-44AAFE9D69DF}.RelWithDebInfo|x64.ActiveCfg = RelWithDebInfo|x64
		{CCA915F0-9E57-3BCF-B157-44AAFE9D69DF}.RelWithDebInfo|x64.Build.0 = RelWithDebInfo|x64
		{4F899D14-BF21-31A5-8538-3C7369B31325}.Debug|x64.ActiveCfg = Debug|x64
		{4F899D14-BF21-31A5-8538-3C7369B31325}.Debug|x64.Build.0 = Debug|x64
		{4F899D14-BF21-31A5-8538-3C7369B31325}.Release|x64.ActiveCfg = Release|x64
		{4F899D14-BF21-31A5-8538-3C7369B31325}.Release|x64.Build.0 = Release|x64
		{4F899D14-BF21-31A5-8538-3C7369B31325}.MinSizeRel|x64.ActiveCfg = MinSizeRel|x64
		{4F899D14-BF21-31A5-8538-3C7369B31325}.MinSizeRel|x64.Build.0 = MinSizeRel|x64
		{4F899D14-BF21-31A5-8538-3C7369B31325}.RelWithDebInfo|x64.ActiveCfg = RelWithDebInfo|x64
		{4F899D14-BF21-31A5-8538-3C7369B31325}.RelWithDebInfo|x64.Build.0 = RelWithDebInfo|x64
		{934F066D-D66C-368B-8A38-12B2AD90E356}.Debug|x64.ActiveCfg = Debug|x64
		{934F066D-D66C-368B-8A38-12B2AD90E356}.Debug|x64.Build.0 = Debug|x64
		{934F066D-D66C-368B-8A38-12B2AD90E356}.Release|x64.ActiveCfg = Release|x64
		{934F066D-D66C-368B-8A38-12B2AD90E356}.Release|x64.Build.0 = Release|x64
		{934F066D-D66C-368B-8A38-12B2AD90E356}.MinSizeRel|x64.ActiveCfg = MinSizeRel|x64
		{934F066D-D66C-368B-8A38-12B2AD90E356}.MinSizeRel|x64.Build.0 = MinSizeRel|x64
		{934F066D-D66C-368B-8A38-12B2AD90E356}.RelWithDebInfo|x64.ActiveCfg = RelWithDebInfo|x64
		{934F066D-D66C-368B-8A38-12B2AD90E356}.RelWithDebInfo|x64.Build.0 = RelWithDebInfo|x64
		{902A7AF4-9AEC-350A-8902-35F1E73DF31B}.Debug|x64.ActiveCfg = Debug|x64
		{902A7AF4-9AEC-350A-8902-35F1E73DF31B}.Debug|x64.Build.0 = Debug|x64
		{902A7AF4-9AEC-350A-8902-35F1E73DF31B}.Release|x64.ActiveCfg = Release|x64
		{902A7AF4-9AEC-350A-8902-35F1E73DF31B}.Release|x64.Build.0 = Release|x64
		{902A7AF4-9AEC-350A-8902-35F1E73DF31B}.MinSizeRel|x64.ActiveCfg = MinSizeRel|x64
		{902A7AF4-9AEC-350A-8902-35F1E73DF31B}.MinSizeRel|x64.Build.0 = MinSizeRel|x64
		{902A7AF4-9AEC-350A-8902-35F1E73DF31B}.RelWithDebInfo|x64.ActiveCfg = RelWithDebInfo|x64
		{902A7AF4-9AEC-350A-8902-35F1E73DF31B}.RelWithDebInfo|x64.Build.0 = RelWithDebInfo|x64
		{4BD6AAA1-CA94-34E1-84B8-EDEFB744C91C}.Debug|x64.ActiveCfg = Debug|x64
		{4BD6AAA1-CA94-34E1-84B8-EDEFB744C91C}.Debug|x64.Build.0 = Debug|x64
		{4BD6AAA1-CA94-34E1-84B8-EDEFB744C91C}.Release|x64.ActiveCfg = Release|x64
		{4BD6AAA1-CA94-34E1-84B8-EDEFB744C91C}.Release|x64.Build.0 = Release|x64
		{4BD6AAA1-CA94-34E1-84B8-EDEFB744C91C}.MinSizeRel|x64.ActiveCfg = MinSizeRel|x64
		{4BD6AAA1-CA94-34E1-84B8-EDEFB744C91C}.MinSizeRel|x64.Build.0 = MinSizeRel|x64
		{4BD6AAA1-CA94-34E1-84B8-EDEFB744C91C}.RelWithDebInfo|x64.ActiveCfg = RelWithDebInfo|x64
		{4BD6AAA1-CA94-34E1-84B8-EDEFB744C91C}.RelWithDebInfo|x64.Build.0 = RelWithDebInfo|x64
		{F588F272-B118-3CFA-BE96-00ED376DEF3B}.Debug|x64.ActiveCfg = Debug|x64
		{F588F272-B118-3CFA-BE96-00ED376DEF3B}.Debug|x64.Build.0 = Debug|x64
		{F588F272-B118-3CFA-BE96-00ED376DEF3B}.Release|x64.ActiveCfg = Release|x64
		{F588F272-B118-3CFA-BE96-00ED376DEF3B}.Release|x64.Build.0 = Release|x64
		{F588F272-B118-3CFA-BE96-00ED376DEF3B}.MinSizeRel|x64.ActiveCfg = MinSizeRel|x64
		{F588F272-B118-3CFA-BE96-00ED376DEF3B}.MinSizeRel|x64.Build.0 = MinSizeRel|x64
		{F588F272-B118-3CFA-BE96-00ED376DEF3B}.RelWithDebInfo|x64.ActiveCfg = RelWithDebInfo|x64
		{F588F272-B118-3CFA-BE96-00ED376DEF3B}.RelWithDebInfo|x64.Build.0 = RelWithDebInfo|x64
		{4B3C53CC-E695-3264-8CDD-52DCF70FBCFF}.Debug|x64.ActiveCfg = Debug|x64
		{4B3C53CC-E695-3264-8CDD-52DCF70FBCFF}.Debug|x64.Build.0 = Debug|x64
		{4B3C53CC-E695-3264-8CDD-52DCF70FBCFF}.Release|x64.ActiveCfg = Release|x64
		{4B3C53CC-E695-3264-8CDD-52DCF70FBCFF}.Release|x64.Build.0 = Release|x64
		{4B3C53CC-E695-3264-8CDD-52DCF70FBCFF}.MinSizeRel|x64.ActiveCfg = MinSizeRel|x64
		{4B3C53CC-E695-3264-8CDD-52DCF70FBCFF}.MinSizeRel|x64.Build.0 = MinSizeRel|x64
		{4B3C53CC-E695-3264-8CDD-52DCF70FBCFF}.RelWithDebInfo|x64.ActiveCfg = RelWithDebInfo|x64
		{4B3C53CC-E695-3264-8CDD-52DCF70FBCFF}.RelWithDebInfo|x64.Build.0 = RelWithDebInfo|x64
		{41E2C067-6730-3FCE-88BC-4A445F73C208}.Debug|x64.ActiveCfg = Debug|x64
		{41E2C067-6730-3FCE-88BC-4A445F73C208}.Debug|x64.Build.0 = Debug|x64
		{41E2C067-6730-3FCE-88BC-4A445F73C208}.Release|x64.ActiveCfg = Release|x64
		{41E2C067-6730-3FCE-88BC-4A445F73C208}.Release|x64.Build.0 = Release|x64
		{41E2C067-6730-3FCE-88BC-4A445F73C208}.MinSizeRel|x64.ActiveCfg = MinSizeRel|x64
		{41E2C067-6730-3FCE-88BC-4A445F73C208}.MinSizeRel|x64.Build.0 = MinSizeRel|x64
		{41E2C067-6730-3FCE-88BC-4A445F73C208}.RelWithDebInfo|x64.ActiveCfg = RelWithDebInfo|x64
		{41E2C067-6730-3FCE-88BC-4A445F73C208}.RelWithDebInfo|x64.Build.0 = RelWithDebInfo|x64
		{40B82B78-46BC-3006-95B6-D4D061980E7E}.Debug|x64.ActiveCfg = Debug|x64
		{40B82B78-46BC-3006-95B6-D4D061980E7E}.Debug|x64.Build.0 = Debug|x64
		{40B82B78-46BC-3006-95B6-D4D061980E7E}.Release|x64.ActiveCfg = Release|x64
		{40B82B78-46BC-3006-95B6-D4D061980E7E}.Release|x64.Build.0 = Release|x64
		{40B82B78-46BC-3006-95B6-D4D061980E7E}.MinSizeRel|x64.ActiveCfg = MinSizeRel|x64
		{40B82B78-46BC-3006-95B6-D4D061980E7E}.MinSizeRel|x64.Build.0 = MinSizeRel|x64
		{40B82B78-46BC-3006-95B6-D4D061980E7E}.RelWithDebInfo|x64.ActiveCfg = RelWithDebInfo|x64
		{40B82B78-46BC-3006-95B6-D4D061980E7E}.RelWithDebInfo|x64.Build.0 = RelWithDebInfo|x64
		{971EDBE9-6926-35D9-9D2D-6B4E1C1F164C}.Debug|x64.ActiveCfg = Debug|x64
		{971EDBE9-6926-35D9-9D2D-6B4E1C1F164C}.Debug|x64.Build.0 = Debug|x64
		{971EDBE9-6926-35D9-9D2D-6B4E1C1F164C}.Release|x64.ActiveCfg = Release|x64
		{971EDBE9-6926-35D9-9D2D-6B4E1C1F164C}.Release|x64.Build.0 = Release|x64
		{971EDBE9-6926-35D9-9D2D-6B4E1C1F164C}.MinSizeRel|x64.ActiveCfg = MinSizeRel|x64
		{971EDBE9-6926-35D9-9D2D-6B4E1C1F164C}.MinSizeRel|x64.Build.0 = MinSizeRel|x64
		{971EDBE9-6926-35D9-9D2D-6B4E1C1F164C}.RelWithDebInfo|x64.ActiveCfg = RelWithDebInfo|x64
		{971EDBE9-6926-35D9-9D2D-6B4E1C1F164C}.RelWithDebInfo|x64.Build.0 = RelWithDebInfo|x64
		{E5732FE8-88A2-3B4B-88F8-A8C10F77AFBC}.Debug|x64.ActiveCfg = Debug|x64
		{E5732FE8-88A2-3B4B-88F8-A8C10F77AFBC}.Debug|x64.Build.0 = Debug|x64
		{E5732FE8-88A2-3B4B-88F8-A8C10F77AFBC}.Release|x64.ActiveCfg = Release|x64
		{E5732FE8-88A2-3B4B-88F8-A8C10F77AFBC}.Release|x64.Build.0 = Release|x64
		{E5732FE8-88A2-3B4B-88F8-A8C10F77AFBC}.MinSizeRel|x64.ActiveCfg = MinSizeRel|x64
		{E5732FE8-88A2-3B4B-88F8-A8C10F77AFBC}.MinSizeRel|x64.Build.0 = MinSizeRel|x64
		{E5732FE8-88A2-3B4B-88F8-A8C10F77AFBC}.RelWithDebInfo|x64.ActiveCfg = RelWithDebInfo|x64
		{E5732FE8-88A2-3B4B-88F8-A8C10F77AFBC}.RelWithDebInfo|x64.Build.0 = RelWithDebInfo|x64
		{B44F95F3-DBE3-35C5-8293-51ED1569B9A8}.Debug|x64.ActiveCfg = Debug|x64
		{B44F95F3-DBE3-35C5-8293-51ED1569B9A8}.Debug|x64.Build.0 = Debug|x64
		{B44F95F3-DBE3-35C5-8293-51ED1569B9A8}.Release|x64.ActiveCfg = Release|x64
		{B44F95F3-DBE3-35C5-8293-51ED1569B9A8}.Release|x64.Build.0 = Release|x64
		{B44F95F3-DBE3-35C5-8293-51ED1569B9A8}.MinSizeRel|x64.ActiveCfg = MinSizeRel|x64
		{B44F95F3-DBE3-35C5-8293-51ED1569B9A8}.MinSizeRel|x64.Build.0 = MinSizeRel|x64
		{B44F95F3-DBE3-35C5-8293-51ED1569B9A8}.RelWithDebInfo|x64.ActiveCfg = RelWithDebInfo|x64
		{B44F95F3-DBE3-35C5-8293-51ED1569B9A8}.RelWithDebInfo|x64.Build.0 = RelWithDebInfo|x64
		{0CB7522A-EF96-34A6-A6DA-FC4F054487FF}.Debug|x64.ActiveCfg = Debug|x64
		{0CB7522A-EF96-34A6-A6DA-FC4F054487FF}.Debug|x64.Build.0 = Debug|x64
		{0CB7522A-EF96-34A6-A6DA-FC4F054487FF}.Release|x64.ActiveCfg = Release|x64
		{0CB7522A-EF96-34A6-A6DA-FC4F054487FF}.Release|x64.Build.0 = Release|x64
		{0CB7522A-EF96-34A6-A6DA-FC4F054487FF}.MinSizeRel|x64.ActiveCfg = MinSizeRel|x64
		{0CB7522A-EF96-34A6-A6DA-FC4F054487FF}.MinSizeRel|x64.Build.0 = MinSizeRel|x64
		{0CB7522A-EF96-34A6-A6DA-FC4F054487FF}.RelWithDebInfo|x64.ActiveCfg = RelWithDebInfo|x64
		{0CB7522A-EF96-34A6-A6DA-FC4F054487FF}.RelWithDebInfo|x64.Build.0 = RelWithDebInfo|x64
		{6602C431-6334-3D94-A140-8D2FB3B2A03D}.Debug|x64.ActiveCfg = Debug|x64
		{6602C431-6334-3D94-A140-8D2FB3B2A03D}.Debug|x64.Build.0 = Debug|x64
		{6602C431-6334-3D94-A140-8D2FB3B2A03D}.Release|x64.ActiveCfg = Release|x64
		{6602C431-6334-3D94-A140-8D2FB3B2A03D}.Release|x64.Build.0 = Release|x64
		{6602C431-6334-3D94-A140-8D2FB3B2A03D}.MinSizeRel|x64.ActiveCfg = MinSizeRel|x64
		{6602C431-6334-3D94-A140-8D2FB3B2A03D}.MinSizeRel|x64.Build.0 = MinSizeRel|x64
		{6602C431-6334-3D94-A140-8D2FB3B2A03D}.RelWithDebInfo|x64.ActiveCfg = RelWithDebInfo|x64
		{6602C431-6334-3D94-A140-8D2FB3B2A03D}.RelWithDebInfo|x64.Build.0 = RelWithDebInfo|x64
		{CE968191-6E9E-3898-A335-944A8C35AE9E}.Debug|x64.ActiveCfg = Debug|x64
		{CE968191-6E9E-3898-A335-944A8C35AE9E}.Debug|x64.Build.0 = Debug|x64
		{CE968191-6E9E-3898-A335-944A8C35AE9E}.Release|x64.ActiveCfg = Release|x64
		{CE968191-6E9E-3898-A335-944A8C35AE9E}.Release|x64.Build.0 = Release|x64
		{CE968191-6E9E-3898-A335-944A8C35AE9E}.MinSizeRel|x64.ActiveCfg = MinSizeRel|x64
		{CE968191-6E9E-3898-A335-944A8C35AE9E}.MinSizeRel|x64.Build.0 = MinSizeRel|x64
		{CE968191-6E9E-3898-A335-944A8C35AE9E}.RelWithDebInfo|x64.ActiveCfg = RelWithDebInfo|x64
		{CE968191-6E9E-3898-A335-944A8C35AE9E}.RelWithDebInfo|x64.Build.0 = RelWithDebInfo|x64
		{02F7AAED-AB1D-364A-B58A-86248AAD7E66}.Debug|x64.ActiveCfg = Debug|x64
		{02F7AAED-AB1D-364A-B58A-86248AAD7E66}.Debug|x64.Build.0 = Debug|x64
		{02F7AAED-AB1D-364A-B58A-86248AAD7E66}.Release|x64.ActiveCfg = Release|x64
		{02F7AAED-AB1D-364A-B58A-86248AAD7E66}.Release|x64.Build.0 = Release|x64
		{02F7AAED-AB1D-364A-B58A-86248AAD7E66}.MinSizeRel|x64.ActiveCfg = MinSizeRel|x64
		{02F7AAED-AB1D-364A-B58A-86248AAD7E66}.MinSizeRel|x64.Build.0 = MinSizeRel|x64
		{02F7AAED-AB1D-364A-B58A-86248AAD7E66}.RelWithDebInfo|x64.ActiveCfg = RelWithDebInfo|x64
		{02F7AAED-AB1D-364A-B58A-86248AAD7E66}.RelWithDebInfo|x64.Build.0 = RelWithDebInfo|x64
		{AC69DDA7-CA2B-3753-8E22-40370960F7FF}.Debug|x64.ActiveCfg = Debug|x64
		{AC69DDA7-CA2B-3753-8E22-40370960F7FF}.Debug|x64.Build.0 = Debug|x64
		{AC69DDA7-CA2B-3753-8E22-40370960F7FF}.Release|x64.ActiveCfg = Release|x64
		{AC69DDA7-CA2B-3753-8E22-40370960F7FF}.Release|x64.Build.0 = Release|x64
		{AC69DDA7-CA2B-3753-8E22-40370960F7FF}.MinSizeRel|x64.ActiveCfg = MinSizeRel|x64
		{AC69DDA7-CA2B-3753-8E22-40370960F7FF}.MinSizeRel|x64.Build.0 = MinSizeRel|x64
		{AC69DDA7-CA2B-3753-8E22-40370960F7FF}.RelWithDebInfo|x64.ActiveCfg = RelWithDebInfo|x64
		{AC69DDA7-CA2B-3753-8E22-40370960F7FF}.RelWithDebInfo|x64.Build.0 = RelWithDebInfo|x64
		{1166547E-9C9E-3C4F-803B-B6DE760A611E}.Debug|x64.ActiveCfg = Debug|x64
		{1166547E-9C9E-3C4F-803B-B6DE760A611E}.Debug|x64.Build.0 = Debug|x64
		{1166547E-9C9E-3C4F-803B-B6DE760A611E}.Release|x64.ActiveCfg = Release|x64
		{1166547E-9C9E-3C4F-803B-B6DE760A611E}.Release|x64.Build.0 = Release|x64
		{1166547E-9C9E-3C4F-803B-B6DE760A611E}.MinSizeRel|x64.ActiveCfg = MinSizeRel|x64
		{1166547E-9C9E-3C4F-803B-B6DE760A611E}.MinSizeRel|x64.Build.0 = MinSizeRel|x64
		{1166547E-9C9E-3C4F-803B-B6DE760A611E}.RelWithDebInfo|x64.ActiveCfg = RelWithDebInfo|x64
		{1166547E-9C9E-3C4F-803B-B6DE760A611E}.RelWithDebInfo|x64.Build.0 = RelWithDebInfo|x64
		{C4CB631C-8488-34D8-B5B6-36B2FF1AECA8}.Debug|x64.ActiveCfg = Debug|x64
		{C4CB631C-8488-34D8-B5B6-36B2FF1AECA8}.Debug|x64.Build.0 = Debug|x64
		{C4CB631C-8488-34D8-B5B6-36B2FF1AECA8}.Release|x64.ActiveCfg = Release|x64
		{C4CB631C-8488-34D8-B5B6-36B2FF1AECA8}.Release|x64.Build.0 = Release|x64
		{C4CB631C-8488-34D8-B5B6-36B2FF1AECA8}.MinSizeRel|x64.ActiveCfg = MinSizeRel|x64
		{C4CB631C-8488-34D8-B5B6-36B2FF1AECA8}.MinSizeRel|x64.Build.0 = MinSizeRel|x64
		{C4CB631C-8488-34D8-B5B6-36B2FF1AECA8}.RelWithDebInfo|x64.ActiveCfg = RelWithDebInfo|x64
		{C4CB631C-8488-34D8-B5B6-36B2FF1AECA8}.RelWithDebInfo|x64.Build.0 = RelWithDebInfo|x64
	EndGlobalSection
	GlobalSection(ExtensibilityGlobals) = postSolution
		SolutionGuid = {FE1A4B0D-8979-38A5-961C-40CE6A4A36D8}
	EndGlobalSection
	GlobalSection(ExtensibilityAddIns) = postSolution
	EndGlobalSection
EndGlobal
