<?xml version="1.0" encoding="UTF-8"?>
<Project ToolsVersion="14.0" xmlns="http://schemas.microsoft.com/developer/msbuild/2003">
  <ItemGroup>
    <ClCompile Include="E:\vsproj\synergy\synergy-core\src\lib\mt\CondVar.cpp">
      <Filter>Source Files</Filter>
    </ClCompile>
    <ClCompile Include="E:\vsproj\synergy\synergy-core\src\lib\mt\Lock.cpp">
      <Filter>Source Files</Filter>
    </ClCompile>
    <ClCompile Include="E:\vsproj\synergy\synergy-core\src\lib\mt\Mutex.cpp">
      <Filter>Source Files</Filter>
    </ClCompile>
    <ClCompile Include="E:\vsproj\synergy\synergy-core\src\lib\mt\Thread.cpp">
      <Filter>Source Files</Filter>
    </ClCompile>
    <ClCompile Include="E:\vsproj\synergy\synergy-core\src\lib\mt\XMT.cpp">
      <Filter>Source Files</Filter>
    </ClCompile>
  </ItemGroup>
  <ItemGroup>
    <ClInclude Include="E:\vsproj\synergy\synergy-core\src\lib\mt\CondVar.h">
      <Filter>Header Files</Filter>
    </ClInclude>
    <ClInclude Include="E:\vsproj\synergy\synergy-core\src\lib\mt\Lock.h">
      <Filter>Header Files</Filter>
    </ClInclude>
    <ClInclude Include="E:\vsproj\synergy\synergy-core\src\lib\mt\Mutex.h">
      <Filter>Header Files</Filter>
    </ClInclude>
    <ClInclude Include="E:\vsproj\synergy\synergy-core\src\lib\mt\Thread.h">
      <Filter>Header Files</Filter>
    </ClInclude>
    <ClInclude Include="E:\vsproj\synergy\synergy-core\src\lib\mt\XMT.h">
      <Filter>Header Files</Filter>
    </ClInclude>
    <ClInclude Include="E:\vsproj\synergy\synergy-core\src\lib\mt\XThread.h">
      <Filter>Header Files</Filter>
    </ClInclude>
  </ItemGroup>
  <ItemGroup>
    <CustomBuild Include="E:\vsproj\synergy\synergy-core\src\lib\mt\CMakeLists.txt" />
  </ItemGroup>
  <ItemGroup>
    <Filter Include="Source Files">
      <UniqueIdentifier>{6881AC06-9177-3DC2-8A89-1B2817190FAA}</UniqueIdentifier>
    </Filter>
    <Filter Include="Header Files">
      <UniqueIdentifier>{FEAB8957-134F-319B-BDAB-DE3082559588}</UniqueIdentifier>
    </Filter>
  </ItemGroup>
</Project>
