<?xml version="1.0" encoding="UTF-8"?>
<Project ToolsVersion="14.0" xmlns="http://schemas.microsoft.com/developer/msbuild/2003">
  <ItemGroup>
    <ClCompile Include="E:\vsproj\synergy\synergy-core\src\cmd\core\main.cpp">
      <Filter>Source Files</Filter>
    </ClCompile>
  </ItemGroup>
  <ItemGroup>
    <CustomBuild Include="E:\vsproj\synergy\synergy-core\src\cmd\core\CMakeLists.txt" />
  </ItemGroup>
  <ItemGroup>
    <Filter Include="Source Files">
      <UniqueIdentifier>{6881AC06-9177-3DC2-8A89-1B2817190FAA}</UniqueIdentifier>
    </Filter>
  </ItemGroup>
</Project>
